
Microsoft Visual Studio Solution File, Format Version 12.00
# Visual Studio Version 17
VisualStudioVersion = 17.9.34728.123
MinimumVisualStudioVersion = 10.0.40219.1
Project("{FAE04EC0-301F-11D3-BF4B-00C04F79EFBC}") = "Blazor.TW.Test", "Blazor.TW.Test\Blazor.TW.Test\Blazor.TW.Test.csproj", "{8071702C-8B66-4C0C-9E67-D046389CC973}"
EndProject
Project("{FAE04EC0-301F-11D3-BF4B-00C04F79EFBC}") = "Blazor.TW.Test.Client", "Blazor.TW.Test\Blazor.TW.Test.Client\Blazor.TW.Test.Client.csproj", "{09647848-AEA8-4034-BE93-7D957E12B14A}"
EndProject
Global
	GlobalSection(SolutionConfigurationPlatforms) = preSolution
		Debug|Any CPU = Debug|Any CPU
		Release|Any CPU = Release|Any CPU
	EndGlobalSection
	GlobalSection(ProjectConfigurationPlatforms) = postSolution
		{8071702C-8B66-4C0C-9E67-D046389CC973}.Debug|Any CPU.ActiveCfg = Debug|Any CPU
		{8071702C-8B66-4C0C-9E67-D046389CC973}.Debug|Any CPU.Build.0 = Debug|Any CPU
		{8071702C-8B66-4C0C-9E67-D046389CC973}.Release|Any CPU.ActiveCfg = Release|Any CPU
		{8071702C-8B66-4C0C-9E67-D046389CC973}.Release|Any CPU.Build.0 = Release|Any CPU
		{09647848-AEA8-4034-BE93-7D957E12B14A}.Debug|Any CPU.ActiveCfg = Debug|Any CPU
		{09647848-AEA8-4034-BE93-7D957E12B14A}.Debug|Any CPU.Build.0 = Debug|Any CPU
		{09647848-AEA8-4034-BE93-7D957E12B14A}.Release|Any CPU.ActiveCfg = Release|Any CPU
		{09647848-AEA8-4034-BE93-7D957E12B14A}.Release|Any CPU.Build.0 = Release|Any CPU
	EndGlobalSection
	GlobalSection(SolutionProperties) = preSolution
		HideSolutionNode = FALSE
	EndGlobalSection
	GlobalSection(ExtensibilityGlobals) = postSolution
		SolutionGuid = {3B691CD9-5BAB-4BF5-8F14-D2222C16DA2E}
	EndGlobalSection
EndGlobal
